schema: '2.0'
stages:
  prepare:
    cmd: python src/prepare.py
    deps:
    - path: data/raw/data.csv
      hash: md5
      md5: 341a3b5244f213282b7b0920b729c592
      size: 3975
      isexec: true
    - path: src/prepare.py
      hash: md5
      md5: c9e050f951087e0f8c217952af720f03
      size: 1033
      isexec: true
    outs:
    - path: data/processed
      hash: md5
      md5: 03339e53ce60d5124d8d4dcae4bac1d2.dir
      size: 4112
      nfiles: 4
  train:
    cmd: python src/train.py
    deps:
    - path: data/processed
      hash: md5
      md5: 03339e53ce60d5124d8d4dcae4bac1d2.dir
      size: 4112
      nfiles: 4
    - path: src/train.py
      hash: md5
      md5: a9bf24c7d3f66be9942bf8d1269702b4
      size: 1217
      isexec: true
    outs:
    - path: metrics.json
      hash: md5
      md5: 72f4b8c37963246e26fc71026dd134ec
      size: 103
      isexec: true
    - path: model.pkl
      hash: md5
      md5: d554bd4dbe2a257b613af79f06416af7
      size: 4700
      isexec: true
