schema: '2.0'
stages:
  prepare:
    cmd: python src/prepare.py
    deps:
    - path: data/raw/data.csv
      hash: md5
      md5: 341a3b5244f213282b7b0920b729c592
      size: 3975
      isexec: true
    - path: src/prepare.py
      hash: md5
      md5: 1f64bbef3892c724fea90b17fa35bc5a
      size: 1241
      isexec: true
    params:
      params.yaml:
        prepare.random_state: 42
        prepare.test_size: 0.3
    outs:
    - path: data/processed
      hash: md5
      md5: 6f0f809896d418b862dd45d5dd3f8ca9.dir
      size: 4112
      nfiles: 4
  train:
    cmd: python src/train.py
    deps:
    - path: data/processed
      hash: md5
      md5: 6f0f809896d418b862dd45d5dd3f8ca9.dir
      size: 4112
      nfiles: 4
    - path: src/train.py
      hash: md5
      md5: 30bc78cee39d13a29528e867bca00112
      size: 1457
      isexec: true
    params:
      params.yaml:
        train.k: 5
